
Microsoft Visual Studio Solution File, Format Version 12.00
# Visual Studio Version 17
VisualStudioVersion = 17.10.34916.146
MinimumVisualStudioVersion = 10.0.40219.1
Project("{9A19103F-16F7-4668-BE54-9A1E7A4F7556}") = "TipCalculator", "TipCalculator\TipCalculator.csproj", "{329018AD-9498-409B-9BAB-7E19CD258438}"
EndProject
Project("{2150E333-8FDC-42A3-9474-1A3956D46DE8}") = "Solution Items", "Solution Items", "{5E1C36EB-4471-4A0F-B845-13A169D9B624}"
EndProject
Global
	GlobalSection(SolutionConfigurationPlatforms) = preSolution
		Debug|Any CPU = Debug|Any CPU
		Release|Any CPU = Release|Any CPU
	EndGlobalSection
	GlobalSection(ProjectConfigurationPlatforms) = postSolution
		{329018AD-9498-409B-9BAB-7E19CD258438}.Debug|Any CPU.ActiveCfg = Debug|Any CPU
		{329018AD-9498-409B-9BAB-7E19CD258438}.Debug|Any CPU.Build.0 = Debug|Any CPU
		{329018AD-9498-409B-9BAB-7E19CD258438}.Debug|Any CPU.Deploy.0 = Debug|Any CPU
		{329018AD-9498-409B-9BAB-7E19CD258438}.Release|Any CPU.ActiveCfg = Release|Any CPU
		{329018AD-9498-409B-9BAB-7E19CD258438}.Release|Any CPU.Build.0 = Release|Any CPU
		{329018AD-9498-409B-9BAB-7E19CD258438}.Release|Any CPU.Deploy.0 = Release|Any CPU
	EndGlobalSection
	GlobalSection(SolutionProperties) = preSolution
		HideSolutionNode = FALSE
	EndGlobalSection
	GlobalSection(ExtensibilityGlobals) = postSolution
		SolutionGuid = {B2D4D702-7050-482C-8C65-B872BDB6DAD8}
	EndGlobalSection
EndGlobal
